// !$*UTF8*$!
{
	archiveVersion = 1;
	classes = {
	};
	objectVersion = 50;
	objects = {

/* Begin PBXBuildFile section */
		1822153B2089C1C2001E5865 /* JKNetworking.m in Sources */ = {isa = PBXBuildFile; fileRef = 1822153A2089C1C2001E5865 /* JKNetworking.m */; };
		185D0F0E2081DA54006C45B8 /* AppDelegate.m in Sources */ = {isa = PBXBuildFile; fileRef = 185D0F0D2081DA54006C45B8 /* AppDelegate.m */; };
		185D0F112081DA54006C45B8 /* ViewController.m in Sources */ = {isa = PBXBuildFile; fileRef = 185D0F102081DA54006C45B8 /* ViewController.m */; };
		185D0F142081DA54006C45B8 /* Main.storyboard in Resources */ = {isa = PBXBuildFile; fileRef = 185D0F122081DA54006C45B8 /* Main.storyboard */; };
		185D0F162081DA56006C45B8 /* Assets.xcassets in Resources */ = {isa = PBXBuildFile; fileRef = 185D0F152081DA56006C45B8 /* Assets.xcassets */; };
		185D0F192081DA56006C45B8 /* LaunchScreen.storyboard in Resources */ = {isa = PBXBuildFile; fileRef = 185D0F172081DA56006C45B8 /* LaunchScreen.storyboard */; };
		185D0F1C2081DA56006C45B8 /* main.m in Sources */ = {isa = PBXBuildFile; fileRef = 185D0F1B2081DA56006C45B8 /* main.m */; };
		3EED6C21B54990A6338FF0A4 /* libPods-JKNetworking.a in Frameworks */ = {isa = PBXBuildFile; fileRef = 2AB6004EF19DE2F05C52BED7 /* libPods-JKNetworking.a */; };
		758B8388237D34C200B28D36 /* NSURLSession+JKCategory.m in Sources */ = {isa = PBXBuildFile; fileRef = 758B8387237D34C200B28D36 /* NSURLSession+JKCategory.m */; };
/* End PBXBuildFile section */

/* Begin PBXFileReference section */
		01BC95A846EF8AA9FE7671F0 /* Pods-JKNetworking.debug.xcconfig */ = {isa = PBXFileReference; includeInIndex = 1; lastKnownFileType = text.xcconfig; name = "Pods-JKNetworking.debug.xcconfig"; path = "Pods/Target Support Files/Pods-JKNetworking/Pods-JKNetworking.debug.xcconfig"; sourceTree = "<group>"; };
		182215392089C1C2001E5865 /* JKNetworking.h */ = {isa = PBXFileReference; fileEncoding = 4; lastKnownFileType = sourcecode.c.h; path = JKNetworking.h; sourceTree = "<group>"; };
		1822153A2089C1C2001E5865 /* JKNetworking.m */ = {isa = PBXFileReference; fileEncoding = 4; lastKnownFileType = sourcecode.c.objc; path = JKNetworking.m; sourceTree = "<group>"; };
		185D0F092081DA54006C45B8 /* JKNetworking.app */ = {isa = PBXFileReference; explicitFileType = wrapper.application; includeInIndex = 0; path = JKNetworking.app; sourceTree = BUILT_PRODUCTS_DIR; };
		185D0F0C2081DA54006C45B8 /* AppDelegate.h */ = {isa = PBXFileReference; lastKnownFileType = sourcecode.c.h; path = AppDelegate.h; sourceTree = "<group>"; };
		185D0F0D2081DA54006C45B8 /* AppDelegate.m */ = {isa = PBXFileReference; lastKnownFileType = sourcecode.c.objc; path = AppDelegate.m; sourceTree = "<group>"; };
		185D0F0F2081DA54006C45B8 /* ViewController.h */ = {isa = PBXFileReference; lastKnownFileType = sourcecode.c.h; path = ViewController.h; sourceTree = "<group>"; };
		185D0F102081DA54006C45B8 /* ViewController.m */ = {isa = PBXFileReference; lastKnownFileType = sourcecode.c.objc; path = ViewController.m; sourceTree = "<group>"; };
		185D0F132081DA54006C45B8 /* Base */ = {isa = PBXFileReference; lastKnownFileType = file.storyboard; name = Base; path = Base.lproj/Main.storyboard; sourceTree = "<group>"; };
		185D0F152081DA56006C45B8 /* Assets.xcassets */ = {isa = PBXFileReference; lastKnownFileType = folder.assetcatalog; path = Assets.xcassets; sourceTree = "<group>"; };
		185D0F182081DA56006C45B8 /* Base */ = {isa = PBXFileReference; lastKnownFileType = file.storyboard; name = Base; path = Base.lproj/LaunchScreen.storyboard; sourceTree = "<group>"; };
		185D0F1A2081DA56006C45B8 /* Info.plist */ = {isa = PBXFileReference; lastKnownFileType = text.plist.xml; path = Info.plist; sourceTree = "<group>"; };
		185D0F1B2081DA56006C45B8 /* main.m */ = {isa = PBXFileReference; lastKnownFileType = sourcecode.c.objc; path = main.m; sourceTree = "<group>"; };
		2AB6004EF19DE2F05C52BED7 /* libPods-JKNetworking.a */ = {isa = PBXFileReference; explicitFileType = archive.ar; includeInIndex = 0; path = "libPods-JKNetworking.a"; sourceTree = BUILT_PRODUCTS_DIR; };
		571127BA252B3BC3F2DD5DA3 /* Pods-JKNetworking.release.xcconfig */ = {isa = PBXFileReference; includeInIndex = 1; lastKnownFileType = text.xcconfig; name = "Pods-JKNetworking.release.xcconfig"; path = "Pods/Target Support Files/Pods-JKNetworking/Pods-JKNetworking.release.xcconfig"; sourceTree = "<group>"; };
		758B8386237D34C100B28D36 /* NSURLSession+JKCategory.h */ = {isa = PBXFileReference; fileEncoding = 4; lastKnownFileType = sourcecode.c.h; path = "NSURLSession+JKCategory.h"; sourceTree = "<group>"; };
		758B8387237D34C200B28D36 /* NSURLSession+JKCategory.m */ = {isa = PBXFileReference; fileEncoding = 4; lastKnownFileType = sourcecode.c.objc; path = "NSURLSession+JKCategory.m"; sourceTree = "<group>"; };
/* End PBXFileReference section */

/* Begin PBXFrameworksBuildPhase section */
		185D0F062081DA54006C45B8 /* Frameworks */ = {
			isa = PBXFrameworksBuildPhase;
			buildActionMask = 2147483647;
			files = (
				3EED6C21B54990A6338FF0A4 /* libPods-JKNetworking.a in Frameworks */,
			);
			runOnlyForDeploymentPostprocessing = 0;
		};
/* End PBXFrameworksBuildPhase section */

/* Begin PBXGroup section */
		182215382089C1C2001E5865 /* JKNetworkingKit */ = {
			isa = PBXGroup;
			children = (
				758B8386237D34C100B28D36 /* NSURLSession+JKCategory.h */,
				758B8387237D34C200B28D36 /* NSURLSession+JKCategory.m */,
				182215392089C1C2001E5865 /* JKNetworking.h */,
				1822153A2089C1C2001E5865 /* JKNetworking.m */,
			);
			path = JKNetworkingKit;
			sourceTree = "<group>";
		};
		185D0F002081DA54006C45B8 = {
			isa = PBXGroup;
			children = (
				182215382089C1C2001E5865 /* JKNetworkingKit */,
				185D0F0B2081DA54006C45B8 /* JKNetworking */,
				185D0F0A2081DA54006C45B8 /* Products */,
				919E248C68FD1FD182F22F22 /* Pods */,
				C8FC282C386FBDFCA6ED24E0 /* Frameworks */,
			);
			sourceTree = "<group>";
		};
		185D0F0A2081DA54006C45B8 /* Products */ = {
			isa = PBXGroup;
			children = (
				185D0F092081DA54006C45B8 /* JKNetworking.app */,
			);
			name = Products;
			sourceTree = "<group>";
		};
		185D0F0B2081DA54006C45B8 /* JKNetworking */ = {
			isa = PBXGroup;
			children = (
				185D0F0C2081DA54006C45B8 /* AppDelegate.h */,
				185D0F0D2081DA54006C45B8 /* AppDelegate.m */,
				185D0F0F2081DA54006C45B8 /* ViewController.h */,
				185D0F102081DA54006C45B8 /* ViewController.m */,
				185D0F122081DA54006C45B8 /* Main.storyboard */,
				185D0F152081DA56006C45B8 /* Assets.xcassets */,
				185D0F172081DA56006C45B8 /* LaunchScreen.storyboard */,
				185D0F1A2081DA56006C45B8 /* Info.plist */,
				185D0F1B2081DA56006C45B8 /* main.m */,
			);
			path = JKNetworking;
			sourceTree = "<group>";
		};
		919E248C68FD1FD182F22F22 /* Pods */ = {
			isa = PBXGroup;
			children = (
				01BC95A846EF8AA9FE7671F0 /* Pods-JKNetworking.debug.xcconfig */,
				571127BA252B3BC3F2DD5DA3 /* Pods-JKNetworking.release.xcconfig */,
			);
			name = Pods;
			sourceTree = "<group>";
		};
		C8FC282C386FBDFCA6ED24E0 /* Frameworks */ = {
			isa = PBXGroup;
			children = (
				2AB6004EF19DE2F05C52BED7 /* libPods-JKNetworking.a */,
			);
			name = Frameworks;
			sourceTree = "<group>";
		};
/* End PBXGroup section */

/* Begin PBXNativeTarget section */
		185D0F082081DA54006C45B8 /* JKNetworking */ = {
			isa = PBXNativeTarget;
			buildConfigurationList = 185D0F1F2081DA56006C45B8 /* Build configuration list for PBXNativeTarget "JKNetworking" */;
			buildPhases = (
				364CCDE8B56761970FB7234D /* [CP] Check Pods Manifest.lock */,
				185D0F052081DA54006C45B8 /* Sources */,
				185D0F062081DA54006C45B8 /* Frameworks */,
				185D0F072081DA54006C45B8 /* Resources */,
			);
			buildRules = (
			);
			dependencies = (
			);
			name = JKNetworking;
			productName = JKNetworking;
			productReference = 185D0F092081DA54006C45B8 /* JKNetworking.app */;
			productType = "com.apple.product-type.application";
		};
/* End PBXNativeTarget section */

/* Begin PBXProject section */
		185D0F012081DA54006C45B8 /* Project object */ = {
			isa = PBXProject;
			attributes = {
				LastUpgradeCheck = 0930;
				ORGANIZATIONNAME = zhangjie;
				TargetAttributes = {
					185D0F082081DA54006C45B8 = {
						CreatedOnToolsVersion = 9.3;
					};
				};
			};
			buildConfigurationList = 185D0F042081DA54006C45B8 /* Build configuration list for PBXProject "JKNetworking" */;
			compatibilityVersion = "Xcode 9.3";
			developmentRegion = en;
			hasScannedForEncodings = 0;
			knownRegions = (
				en,
				Base,
			);
			mainGroup = 185D0F002081DA54006C45B8;
			productRefGroup = 185D0F0A2081DA54006C45B8 /* Products */;
			projectDirPath = "";
			projectRoot = "";
			targets = (
				185D0F082081DA54006C45B8 /* JKNetworking */,
			);
		};
/* End PBXProject section */

/* Begin PBXResourcesBuildPhase section */
		185D0F072081DA54006C45B8 /* Resources */ = {
			isa = PBXResourcesBuildPhase;
			buildActionMask = 2147483647;
			files = (
				185D0F192081DA56006C45B8 /* LaunchScreen.storyboard in Resources */,
				185D0F162081DA56006C45B8 /* Assets.xcassets in Resources */,
				185D0F142081DA54006C45B8 /* Main.storyboard in Resources */,
			);
			runOnlyForDeploymentPostprocessing = 0;
		};
/* End PBXResourcesBuildPhase section */

/* Begin PBXShellScriptBuildPhase section */
		364CCDE8B56761970FB7234D /* [CP] Check Pods Manifest.lock */ = {
			isa = PBXShellScriptBuildPhase;
			buildActionMask = 2147483647;
			files = (
			);
			inputPaths = (
				"${PODS_PODFILE_DIR_PATH}/Podfile.lock",
				"${PODS_ROOT}/Manifest.lock",
			);
			name = "[CP] Check Pods Manifest.lock";
			outputPaths = (
				"$(DERIVED_FILE_DIR)/Pods-JKNetworking-checkManifestLockResult.txt",
			);
			runOnlyForDeploymentPostprocessing = 0;
			shellPath = /bin/sh;
			shellScript = "diff \"${PODS_PODFILE_DIR_PATH}/Podfile.lock\" \"${PODS_ROOT}/Manifest.lock\" > /dev/null\nif [ $? != 0 ] ; then\n    # print error to STDERR\n    echo \"error: The sandbox is not in sync with the Podfile.lock. Run 'pod install' or update your CocoaPods installation.\" >&2\n    exit 1\nfi\n# This output is used by Xcode 'outputs' to avoid re-running this script phase.\necho \"SUCCESS\" > \"${SCRIPT_OUTPUT_FILE_0}\"\n";
			showEnvVarsInLog = 0;
		};
/* End PBXShellScriptBuildPhase section */

/* Begin PBXSourcesBuildPhase section */
		185D0F052081DA54006C45B8 /* Sources */ = {
			isa = PBXSourcesBuildPhase;
			buildActionMask = 2147483647;
			files = (
				758B8388237D34C200B28D36 /* NSURLSession+JKCategory.m in Sources */,
				185D0F112081DA54006C45B8 /* ViewController.m in Sources */,
				185D0F1C2081DA56006C45B8 /* main.m in Sources */,
				1822153B2089C1C2001E5865 /* JKNetworking.m in Sources */,
				185D0F0E2081DA54006C45B8 /* AppDelegate.m in Sources */,
			);
			runOnlyForDeploymentPostprocessing = 0;
		};
/* End PBXSourcesBuildPhase section */

/* Begin PBXVariantGroup section */
		185D0F122081DA54006C45B8 /* Main.storyboard */ = {
			isa = PBXVariantGroup;
			children = (
				185D0F132081DA54006C45B8 /* Base */,
			);
			name = Main.storyboard;
			sourceTree = "<group>";
		};
		185D0F172081DA56006C45B8 /* LaunchScreen.storyboard */ = {
			isa = PBXVariantGroup;
			children = (
				185D0F182081DA56006C45B8 /* Base */,
			);
			name = LaunchScreen.storyboard;
			sourceTree = "<group>";
		};
/* End PBXVariantGroup section */

/* Begin XCBuildConfiguration section */
		185D0F1D2081DA56006C45B8 /* Debug */ = {
			isa = XCBuildConfiguration;
			buildSettings = {
				ALWAYS_SEARCH_USER_PATHS = NO;
				CLANG_ANALYZER_NONNULL = YES;
				CLANG_ANALYZER_NUMBER_OBJECT_CONVERSION = YES_AGGRESSIVE;
				CLANG_CXX_LANGUAGE_STANDARD = "gnu++14";
				CLANG_CXX_LIBRARY = "libc++";
				CLANG_ENABLE_MODULES = YES;
				CLANG_ENABLE_OBJC_ARC = YES;
				CLANG_ENABLE_OBJC_WEAK = YES;
				CLANG_WARN_BLOCK_CAPTURE_AUTORELEASING = YES;
				CLANG_WARN_BOOL_CONVERSION = YES;
				CLANG_WARN_COMMA = YES;
				CLANG_WARN_CONSTANT_CONVERSION = YES;
				CLANG_WARN_DEPRECATED_OBJC_IMPLEMENTATIONS = YES;
				CLANG_WARN_DIRECT_OBJC_ISA_USAGE = YES_ERROR;
				CLANG_WARN_DOCUMENTATION_COMMENTS = YES;
				CLANG_WARN_EMPTY_BODY = YES;
				CLANG_WARN_ENUM_CONVERSION = YES;
				CLANG_WARN_INFINITE_RECURSION = YES;
				CLANG_WARN_INT_CONVERSION = YES;
				CLANG_WARN_NON_LITERAL_NULL_CONVERSION = YES;
				CLANG_WARN_OBJC_IMPLICIT_RETAIN_SELF = YES;
				CLANG_WARN_OBJC_LITERAL_CONVERSION = YES;
				CLANG_WARN_OBJC_ROOT_CLASS = YES_ERROR;
				CLANG_WARN_RANGE_LOOP_ANALYSIS = YES;
				CLANG_WARN_STRICT_PROTOTYPES = YES;
				CLANG_WARN_SUSPICIOUS_MOVE = YES;
				CLANG_WARN_UNGUARDED_AVAILABILITY = YES_AGGRESSIVE;
				CLANG_WARN_UNREACHABLE_CODE = YES;
				CLANG_WARN__DUPLICATE_METHOD_MATCH = YES;
				CODE_SIGN_IDENTITY = "iPhone Developer";
				COPY_PHASE_STRIP = NO;
				DEBUG_INFORMATION_FORMAT = dwarf;
				ENABLE_STRICT_OBJC_MSGSEND = YES;
				ENABLE_TESTABILITY = YES;
				GCC_C_LANGUAGE_STANDARD = gnu11;
				GCC_DYNAMIC_NO_PIC = NO;
				GCC_NO_COMMON_BLOCKS = YES;
				GCC_OPTIMIZATION_LEVEL = 0;
				GCC_PREPROCESSOR_DEFINITIONS = (
					"DEBUG=1",
					"$(inherited)",
				);
				GCC_WARN_64_TO_32_BIT_CONVERSION = YES;
				GCC_WARN_ABOUT_RETURN_TYPE = YES_ERROR;
				GCC_WARN_UNDECLARED_SELECTOR = YES;
				GCC_WARN_UNINITIALIZED_AUTOS = YES_AGGRESSIVE;
				GCC_WARN_UNUSED_FUNCTION = YES;
				GCC_WARN_UNUSED_VARIABLE = YES;
				IPHONEOS_DEPLOYMENT_TARGET = 11.3;
				MTL_ENABLE_DEBUG_INFO = YES;
				ONLY_ACTIVE_ARCH = YES;
				SDKROOT = iphoneos;
			};
			name = Debug;
		};
		185D0F1E2081DA56006C45B8 /* Release */ = {
			isa = XCBuildConfiguration;
			buildSettings = {
				ALWAYS_SEARCH_USER_PATHS = NO;
				CLANG_ANALYZER_NONNULL = YES;
				CLANG_ANALYZER_NUMBER_OBJECT_CONVERSION = YES_AGGRESSIVE;
				CLANG_CXX_LANGUAGE_STANDARD = "gnu++14";
				CLANG_CXX_LIBRARY = "libc++";
				CLANG_ENABLE_MODULES = YES;
				CLANG_ENABLE_OBJC_ARC = YES;
				CLANG_ENABLE_OBJC_WEAK = YES;
				CLANG_WARN_BLOCK_CAPTURE_AUTORELEASING = YES;
				CLANG_WARN_BOOL_CONVERSION = YES;
				CLANG_WARN_COMMA = YES;
				CLANG_WARN_CONSTANT_CONVERSION = YES;
				CLANG_WARN_DEPRECATED_OBJC_IMPLEMENTATIONS = YES;
				CLANG_WARN_DIRECT_OBJC_ISA_USAGE = YES_ERROR;
				CLANG_WARN_DOCUMENTATION_COMMENTS = YES;
				CLANG_WARN_EMPTY_BODY = YES;
				CLANG_WARN_ENUM_CONVERSION = YES;
				CLANG_WARN_INFINITE_RECURSION = YES;
				CLANG_WARN_INT_CONVERSION = YES;
				CLANG_WARN_NON_LITERAL_NULL_CONVERSION = YES;
				CLANG_WARN_OBJC_IMPLICIT_RETAIN_SELF = YES;
				CLANG_WARN_OBJC_LITERAL_CONVERSION = YES;
				CLANG_WARN_OBJC_ROOT_CLASS = YES_ERROR;
				CLANG_WARN_RANGE_LOOP_ANALYSIS = YES;
				CLANG_WARN_STRICT_PROTOTYPES = YES;
				CLANG_WARN_SUSPICIOUS_MOVE = YES;
				CLANG_WARN_UNGUARDED_AVAILABILITY = YES_AGGRESSIVE;
				CLANG_WARN_UNREACHABLE_CODE = YES;
				CLANG_WARN__DUPLICATE_METHOD_MATCH = YES;
				CODE_SIGN_IDENTITY = "iPhone Developer";
				COPY_PHASE_STRIP = NO;
				DEBUG_INFORMATION_FORMAT = "dwarf-with-dsym";
				ENABLE_NS_ASSERTIONS = NO;
				ENABLE_STRICT_OBJC_MSGSEND = YES;
				GCC_C_LANGUAGE_STANDARD = gnu11;
				GCC_NO_COMMON_BLOCKS = YES;
				GCC_WARN_64_TO_32_BIT_CONVERSION = YES;
				GCC_WARN_ABOUT_RETURN_TYPE = YES_ERROR;
				GCC_WARN_UNDECLARED_SELECTOR = YES;
				GCC_WARN_UNINITIALIZED_AUTOS = YES_AGGRESSIVE;
				GCC_WARN_UNUSED_FUNCTION = YES;
				GCC_WARN_UNUSED_VARIABLE = YES;
				IPHONEOS_DEPLOYMENT_TARGET = 11.3;
				MTL_ENABLE_DEBUG_INFO = NO;
				SDKROOT = iphoneos;
				VALIDATE_PRODUCT = YES;
			};
			name = Release;
		};
		185D0F202081DA56006C45B8 /* Debug */ = {
			isa = XCBuildConfiguration;
			baseConfigurationReference = 01BC95A846EF8AA9FE7671F0 /* Pods-JKNetworking.debug.xcconfig */;
			buildSettings = {
				ASSETCATALOG_COMPILER_APPICON_NAME = AppIcon;
				CODE_SIGN_STYLE = Automatic;
				DEVELOPMENT_TEAM = M98CKS54LG;
				INFOPLIST_FILE = JKNetworking/Info.plist;
				IPHONEOS_DEPLOYMENT_TARGET = 8.0;
				LD_RUNPATH_SEARCH_PATHS = (
					"$(inherited)",
					"@executable_path/Frameworks",
				);
				PRODUCT_BUNDLE_IDENTIFIER = jekin.JKNetworking;
				PRODUCT_NAME = "$(TARGET_NAME)";
				TARGETED_DEVICE_FAMILY = "1,2";
			};
			name = Debug;
		};
		185D0F212081DA56006C45B8 /* Release */ = {
			isa = XCBuildConfiguration;
			baseConfigurationReference = 571127BA252B3BC3F2DD5DA3 /* Pods-JKNetworking.release.xcconfig */;
			buildSettings = {
				ASSETCATALOG_COMPILER_APPICON_NAME = AppIcon;
				CODE_SIGN_STYLE = Automatic;
				DEVELOPMENT_TEAM = M98CKS54LG;
				INFOPLIST_FILE = JKNetworking/Info.plist;
				IPHONEOS_DEPLOYMENT_TARGET = 8.0;
				LD_RUNPATH_SEARCH_PATHS = (
					"$(inherited)",
					"@executable_path/Frameworks",
				);
				PRODUCT_BUNDLE_IDENTIFIER = jekin.JKNetworking;
				PRODUCT_NAME = "$(TARGET_NAME)";
				TARGETED_DEVICE_FAMILY = "1,2";
			};
			name = Release;
		};
/* End XCBuildConfiguration section */

/* Begin XCConfigurationList section */
		185D0F042081DA54006C45B8 /* Build configuration list for PBXProject "JKNetworking" */ = {
			isa = XCConfigurationList;
			buildConfigurations = (
				185D0F1D2081DA56006C45B8 /* Debug */,
				185D0F1E2081DA56006C45B8 /* Release */,
			);
			defaultConfigurationIsVisible = 0;
			defaultConfigurationName = Release;
		};
		185D0F1F2081DA56006C45B8 /* Build configuration list for PBXNativeTarget "JKNetworking" */ = {
			isa = XCConfigurationList;
			buildConfigurations = (
				185D0F202081DA56006C45B8 /* Debug */,
				185D0F212081DA56006C45B8 /* Release */,
			);
			defaultConfigurationIsVisible = 0;
			defaultConfigurationName = Release;
		};
/* End XCConfigurationList section */
	};
	rootObject = 185D0F012081DA54006C45B8 /* Project object */;
}
